
Microsoft Visual Studio Solution File, Format Version 12.00
# Visual Studio Version 17
VisualStudioVersion = 17.8.34525.116
MinimumVisualStudioVersion = 10.0.40219.1
Project("{FAE04EC0-301F-11D3-BF4B-00C04F79EFBC}") = "Ch01_Recursion", "Ch01_Recursion\Ch01_Recursion.csproj", "{5CDF39B5-3A5F-4F34-B29C-E3F3F44FFFA0}"
EndProject
Global
	GlobalSection(SolutionConfigurationPlatforms) = preSolution
		Debug|Any CPU = Debug|Any CPU
		Release|Any CPU = Release|Any CPU
	EndGlobalSection
	GlobalSection(ProjectConfigurationPlatforms) = postSolution
		{5CDF39B5-3A5F-4F34-B29C-E3F3F44FFFA0}.Debug|Any CPU.ActiveCfg = Debug|Any CPU
		{5CDF39B5-3A5F-4F34-B29C-E3F3F44FFFA0}.Debug|Any CPU.Build.0 = Debug|Any CPU
		{5CDF39B5-3A5F-4F34-B29C-E3F3F44FFFA0}.Release|Any CPU.ActiveCfg = Release|Any CPU
		{5CDF39B5-3A5F-4F34-B29C-E3F3F44FFFA0}.Release|Any CPU.Build.0 = Release|Any CPU
	EndGlobalSection
	GlobalSection(SolutionProperties) = preSolution
		HideSolutionNode = FALSE
	EndGlobalSection
	GlobalSection(ExtensibilityGlobals) = postSolution
		SolutionGuid = {1354684B-7DDF-4406-AE08-4D4F688442E4}
	EndGlobalSection
EndGlobal
