
Microsoft Visual Studio Solution File, Format Version 12.00
# Visual Studio Version 17
VisualStudioVersion = 17.8.34525.116
MinimumVisualStudioVersion = 10.0.40219.1
Project("{FAE04EC0-301F-11D3-BF4B-00C04F79EFBC}") = "Ch01_Recursion", "Ch01_Recursion\Ch01_Recursion.csproj", "{5CDF39B5-3A5F-4F34-B29C-E3F3F44FFFA0}"
EndProject
Project("{FAE04EC0-301F-11D3-BF4B-00C04F79EFBC}") = "Ch03_LinkList_Bagrut2021_q05", "Ch03_LinkList\Ch03_LinkList_Bagrut2021_q05.csproj", "{596F5E05-B39A-456D-9199-AA88AF591848}"
EndProject
Project("{FAE04EC0-301F-11D3-BF4B-00C04F79EFBC}") = "ClassTest01", "ClassTest01\ClassTest01.csproj", "{DC537693-9571-4754-9861-E43ADC35022A}"
EndProject
Project("{FAE04EC0-301F-11D3-BF4B-00C04F79EFBC}") = "ClassTestTests", "ClassTestTests\ClassTestTests.csproj", "{8C0DC371-2D8E-4395-B6F9-C363F3CC4878}"
EndProject
Project("{FAE04EC0-301F-11D3-BF4B-00C04F79EFBC}") = "Infra", "Infra\Infra.csproj", "{BB2EC606-B180-4992-B3A0-95C3954E2F93}"
EndProject
Project("{2150E333-8FDC-42A3-9474-1A3956D46DE8}") = "Exam0s", "Exam0s", "{A5AE6CA9-884C-451B-AA97-B53F39E68313}"
EndProject
Project("{FAE04EC0-301F-11D3-BF4B-00C04F79EFBC}") = "Exam01T01", "Exam01T01\Exam01T01.csproj", "{7B206B86-B2F8-4D93-9481-B5236DABB606}"
EndProject
Project("{FAE04EC0-301F-11D3-BF4B-00C04F79EFBC}") = "Exam01T02", "Exam01T02\Exam01T02.csproj", "{8AFEC631-21CF-4F5B-9E25-F8A57B28A4CC}"
EndProject
Project("{FAE04EC0-301F-11D3-BF4B-00C04F79EFBC}") = "Queue01", "Queue01\Queue01.csproj", "{6CC97DC0-337C-4176-8A5C-7EB866C9FBE3}"
EndProject
Project("{FAE04EC0-301F-11D3-BF4B-00C04F79EFBC}") = "QueueUnitTests", "QueueUnitTests\QueueUnitTests.csproj", "{3E3FCCCE-FDE3-494B-A6A3-EF87305C56F9}"
EndProject
Project("{FAE04EC0-301F-11D3-BF4B-00C04F79EFBC}") = "ClassTest02", "ClassTest02\ClassTest02.csproj", "{084BE1A4-9938-4656-BCB7-764C6A29A893}"
EndProject
Project("{FAE04EC0-301F-11D3-BF4B-00C04F79EFBC}") = "Ch06Trees", "Ch06Trees\Ch06Trees.csproj", "{27F2E63B-4121-4076-B4AE-2CD0D0CEABD7}"
EndProject
Project("{2150E333-8FDC-42A3-9474-1A3956D46DE8}") = "AddRemoveList", "AddRemoveList", "{F3E12110-8A00-4109-BDF1-279D848CE2AC}"
	ProjectSection(SolutionItems) = preProject
		..\..\..\..\..\Downloads\הסרה והוספה לרשימה.pdf = ..\..\..\..\..\Downloads\הסרה והוספה לרשימה.pdf
	EndProjectSection
EndProject
Project("{FAE04EC0-301F-11D3-BF4B-00C04F79EFBC}") = "Ch03_AddRemoveList", "Ch03_AddRemoveList\Ch03_AddRemoveList.csproj", "{9E3B70E5-1E36-4FF5-B737-E6EDF71F71D8}"
EndProject
Project("{2150E333-8FDC-42A3-9474-1A3956D46DE8}") = "Matkonets", "Matkonets", "{4F4A627A-73DA-4E2B-AF55-6BA6A735D7E6}"
EndProject
Project("{FAE04EC0-301F-11D3-BF4B-00C04F79EFBC}") = "Matkonet01", "Matkonet01\Matkonet01.csproj", "{2513DD56-CAAC-4297-83C6-591540112C90}"
EndProject
Project("{FAE04EC0-301F-11D3-BF4B-00C04F79EFBC}") = "MatkonetGamliel02", "MatkonetGamliel02\MatkonetGamliel02.csproj", "{865E602A-EB9E-447C-B5CB-86944A743BEC}"
EndProject
Project("{FAE04EC0-301F-11D3-BF4B-00C04F79EFBC}") = "Matkonet02", "Matkonet02\Matkonet02.csproj", "{FFE9D79E-9024-4CC2-9212-1AF98ED1262D}"
EndProject
Global
	GlobalSection(SolutionConfigurationPlatforms) = preSolution
		Debug|Any CPU = Debug|Any CPU
		Release|Any CPU = Release|Any CPU
	EndGlobalSection
	GlobalSection(ProjectConfigurationPlatforms) = postSolution
		{5CDF39B5-3A5F-4F34-B29C-E3F3F44FFFA0}.Debug|Any CPU.ActiveCfg = Debug|Any CPU
		{5CDF39B5-3A5F-4F34-B29C-E3F3F44FFFA0}.Debug|Any CPU.Build.0 = Debug|Any CPU
		{5CDF39B5-3A5F-4F34-B29C-E3F3F44FFFA0}.Release|Any CPU.ActiveCfg = Release|Any CPU
		{5CDF39B5-3A5F-4F34-B29C-E3F3F44FFFA0}.Release|Any CPU.Build.0 = Release|Any CPU
		{596F5E05-B39A-456D-9199-AA88AF591848}.Debug|Any CPU.ActiveCfg = Debug|Any CPU
		{596F5E05-B39A-456D-9199-AA88AF591848}.Debug|Any CPU.Build.0 = Debug|Any CPU
		{596F5E05-B39A-456D-9199-AA88AF591848}.Release|Any CPU.ActiveCfg = Release|Any CPU
		{596F5E05-B39A-456D-9199-AA88AF591848}.Release|Any CPU.Build.0 = Release|Any CPU
		{DC537693-9571-4754-9861-E43ADC35022A}.Debug|Any CPU.ActiveCfg = Debug|Any CPU
		{DC537693-9571-4754-9861-E43ADC35022A}.Debug|Any CPU.Build.0 = Debug|Any CPU
		{DC537693-9571-4754-9861-E43ADC35022A}.Release|Any CPU.ActiveCfg = Release|Any CPU
		{DC537693-9571-4754-9861-E43ADC35022A}.Release|Any CPU.Build.0 = Release|Any CPU
		{8C0DC371-2D8E-4395-B6F9-C363F3CC4878}.Debug|Any CPU.ActiveCfg = Debug|Any CPU
		{8C0DC371-2D8E-4395-B6F9-C363F3CC4878}.Debug|Any CPU.Build.0 = Debug|Any CPU
		{8C0DC371-2D8E-4395-B6F9-C363F3CC4878}.Release|Any CPU.ActiveCfg = Release|Any CPU
		{8C0DC371-2D8E-4395-B6F9-C363F3CC4878}.Release|Any CPU.Build.0 = Release|Any CPU
		{BB2EC606-B180-4992-B3A0-95C3954E2F93}.Debug|Any CPU.ActiveCfg = Debug|Any CPU
		{BB2EC606-B180-4992-B3A0-95C3954E2F93}.Debug|Any CPU.Build.0 = Debug|Any CPU
		{BB2EC606-B180-4992-B3A0-95C3954E2F93}.Release|Any CPU.ActiveCfg = Release|Any CPU
		{BB2EC606-B180-4992-B3A0-95C3954E2F93}.Release|Any CPU.Build.0 = Release|Any CPU
		{7B206B86-B2F8-4D93-9481-B5236DABB606}.Debug|Any CPU.ActiveCfg = Debug|Any CPU
		{7B206B86-B2F8-4D93-9481-B5236DABB606}.Debug|Any CPU.Build.0 = Debug|Any CPU
		{7B206B86-B2F8-4D93-9481-B5236DABB606}.Release|Any CPU.ActiveCfg = Release|Any CPU
		{7B206B86-B2F8-4D93-9481-B5236DABB606}.Release|Any CPU.Build.0 = Release|Any CPU
		{8AFEC631-21CF-4F5B-9E25-F8A57B28A4CC}.Debug|Any CPU.ActiveCfg = Debug|Any CPU
		{8AFEC631-21CF-4F5B-9E25-F8A57B28A4CC}.Debug|Any CPU.Build.0 = Debug|Any CPU
		{8AFEC631-21CF-4F5B-9E25-F8A57B28A4CC}.Release|Any CPU.ActiveCfg = Release|Any CPU
		{8AFEC631-21CF-4F5B-9E25-F8A57B28A4CC}.Release|Any CPU.Build.0 = Release|Any CPU
		{6CC97DC0-337C-4176-8A5C-7EB866C9FBE3}.Debug|Any CPU.ActiveCfg = Debug|Any CPU
		{6CC97DC0-337C-4176-8A5C-7EB866C9FBE3}.Debug|Any CPU.Build.0 = Debug|Any CPU
		{6CC97DC0-337C-4176-8A5C-7EB866C9FBE3}.Release|Any CPU.ActiveCfg = Release|Any CPU
		{6CC97DC0-337C-4176-8A5C-7EB866C9FBE3}.Release|Any CPU.Build.0 = Release|Any CPU
		{3E3FCCCE-FDE3-494B-A6A3-EF87305C56F9}.Debug|Any CPU.ActiveCfg = Debug|Any CPU
		{3E3FCCCE-FDE3-494B-A6A3-EF87305C56F9}.Debug|Any CPU.Build.0 = Debug|Any CPU
		{3E3FCCCE-FDE3-494B-A6A3-EF87305C56F9}.Release|Any CPU.ActiveCfg = Release|Any CPU
		{3E3FCCCE-FDE3-494B-A6A3-EF87305C56F9}.Release|Any CPU.Build.0 = Release|Any CPU
		{084BE1A4-9938-4656-BCB7-764C6A29A893}.Debug|Any CPU.ActiveCfg = Debug|Any CPU
		{084BE1A4-9938-4656-BCB7-764C6A29A893}.Debug|Any CPU.Build.0 = Debug|Any CPU
		{084BE1A4-9938-4656-BCB7-764C6A29A893}.Release|Any CPU.ActiveCfg = Release|Any CPU
		{084BE1A4-9938-4656-BCB7-764C6A29A893}.Release|Any CPU.Build.0 = Release|Any CPU
		{27F2E63B-4121-4076-B4AE-2CD0D0CEABD7}.Debug|Any CPU.ActiveCfg = Debug|Any CPU
		{27F2E63B-4121-4076-B4AE-2CD0D0CEABD7}.Debug|Any CPU.Build.0 = Debug|Any CPU
		{27F2E63B-4121-4076-B4AE-2CD0D0CEABD7}.Release|Any CPU.ActiveCfg = Release|Any CPU
		{27F2E63B-4121-4076-B4AE-2CD0D0CEABD7}.Release|Any CPU.Build.0 = Release|Any CPU
		{9E3B70E5-1E36-4FF5-B737-E6EDF71F71D8}.Debug|Any CPU.ActiveCfg = Debug|Any CPU
		{9E3B70E5-1E36-4FF5-B737-E6EDF71F71D8}.Debug|Any CPU.Build.0 = Debug|Any CPU
		{9E3B70E5-1E36-4FF5-B737-E6EDF71F71D8}.Release|Any CPU.ActiveCfg = Release|Any CPU
		{9E3B70E5-1E36-4FF5-B737-E6EDF71F71D8}.Release|Any CPU.Build.0 = Release|Any CPU
		{2513DD56-CAAC-4297-83C6-591540112C90}.Debug|Any CPU.ActiveCfg = Debug|Any CPU
		{2513DD56-CAAC-4297-83C6-591540112C90}.Debug|Any CPU.Build.0 = Debug|Any CPU
		{2513DD56-CAAC-4297-83C6-591540112C90}.Release|Any CPU.ActiveCfg = Release|Any CPU
		{2513DD56-CAAC-4297-83C6-591540112C90}.Release|Any CPU.Build.0 = Release|Any CPU
		{865E602A-EB9E-447C-B5CB-86944A743BEC}.Debug|Any CPU.ActiveCfg = Debug|Any CPU
		{865E602A-EB9E-447C-B5CB-86944A743BEC}.Debug|Any CPU.Build.0 = Debug|Any CPU
		{865E602A-EB9E-447C-B5CB-86944A743BEC}.Release|Any CPU.ActiveCfg = Release|Any CPU
		{865E602A-EB9E-447C-B5CB-86944A743BEC}.Release|Any CPU.Build.0 = Release|Any CPU
		{FFE9D79E-9024-4CC2-9212-1AF98ED1262D}.Debug|Any CPU.ActiveCfg = Debug|Any CPU
		{FFE9D79E-9024-4CC2-9212-1AF98ED1262D}.Debug|Any CPU.Build.0 = Debug|Any CPU
		{FFE9D79E-9024-4CC2-9212-1AF98ED1262D}.Release|Any CPU.ActiveCfg = Release|Any CPU
		{FFE9D79E-9024-4CC2-9212-1AF98ED1262D}.Release|Any CPU.Build.0 = Release|Any CPU
	EndGlobalSection
	GlobalSection(SolutionProperties) = preSolution
		HideSolutionNode = FALSE
	EndGlobalSection
	GlobalSection(NestedProjects) = preSolution
		{7B206B86-B2F8-4D93-9481-B5236DABB606} = {A5AE6CA9-884C-451B-AA97-B53F39E68313}
		{8AFEC631-21CF-4F5B-9E25-F8A57B28A4CC} = {A5AE6CA9-884C-451B-AA97-B53F39E68313}
		{9E3B70E5-1E36-4FF5-B737-E6EDF71F71D8} = {F3E12110-8A00-4109-BDF1-279D848CE2AC}
		{2513DD56-CAAC-4297-83C6-591540112C90} = {4F4A627A-73DA-4E2B-AF55-6BA6A735D7E6}
		{865E602A-EB9E-447C-B5CB-86944A743BEC} = {4F4A627A-73DA-4E2B-AF55-6BA6A735D7E6}
		{FFE9D79E-9024-4CC2-9212-1AF98ED1262D} = {4F4A627A-73DA-4E2B-AF55-6BA6A735D7E6}
	EndGlobalSection
	GlobalSection(ExtensibilityGlobals) = postSolution
		SolutionGuid = {1354684B-7DDF-4406-AE08-4D4F688442E4}
	EndGlobalSection
EndGlobal
